
Microsoft Visual Studio Solution File, Format Version 12.00
# Visual Studio Version 16
VisualStudioVersion = 16.0.31005.135
MinimumVisualStudioVersion = 10.0.40219.1
Project("{9A19103F-16F7-4668-BE54-9A1E7A4F7556}") = "u8unpack", "u8unpack\u8unpack.csproj", "{D2A0825C-E81E-4654-ABFD-C0EFC10E4228}"
EndProject
Project("{2150E333-8FDC-42A3-9474-1A3956D46DE8}") = "Solution Items", "Solution Items", "{47D9A3E3-18A4-4FE6-BCE7-F1AC452A36E6}"
	ProjectSection(SolutionItems) = preProject
		.editorconfig = .editorconfig
		.gitignore = .gitignore
	EndProjectSection
EndProject
Project("{9A19103F-16F7-4668-BE54-9A1E7A4F7556}") = "BrawlLib", "..\BrawlCrate\BrawlLib\BrawlLib.csproj", "{4ACCED74-DCD7-468C-966C-175B0DF0CD41}"
EndProject
Global
	GlobalSection(SolutionConfigurationPlatforms) = preSolution
		Canary|Any CPU = Canary|Any CPU
		Canary|x64 = Canary|x64
		Canary|x86 = Canary|x86
		Debug|Any CPU = Debug|Any CPU
		Debug|x64 = Debug|x64
		Debug|x86 = Debug|x86
		Mono|Any CPU = Mono|Any CPU
		Mono|x64 = Mono|x64
		Mono|x86 = Mono|x86
		Release|Any CPU = Release|Any CPU
		Release|x64 = Release|x64
		Release|x86 = Release|x86
	EndGlobalSection
	GlobalSection(ProjectConfigurationPlatforms) = postSolution
		{D2A0825C-E81E-4654-ABFD-C0EFC10E4228}.Canary|Any CPU.ActiveCfg = Release|Any CPU
		{D2A0825C-E81E-4654-ABFD-C0EFC10E4228}.Canary|Any CPU.Build.0 = Release|Any CPU
		{D2A0825C-E81E-4654-ABFD-C0EFC10E4228}.Canary|x64.ActiveCfg = Release|Any CPU
		{D2A0825C-E81E-4654-ABFD-C0EFC10E4228}.Canary|x64.Build.0 = Release|Any CPU
		{D2A0825C-E81E-4654-ABFD-C0EFC10E4228}.Canary|x86.ActiveCfg = Release|Any CPU
		{D2A0825C-E81E-4654-ABFD-C0EFC10E4228}.Canary|x86.Build.0 = Release|Any CPU
		{D2A0825C-E81E-4654-ABFD-C0EFC10E4228}.Debug|Any CPU.ActiveCfg = Debug|Any CPU
		{D2A0825C-E81E-4654-ABFD-C0EFC10E4228}.Debug|Any CPU.Build.0 = Debug|Any CPU
		{D2A0825C-E81E-4654-ABFD-C0EFC10E4228}.Debug|x64.ActiveCfg = Debug|Any CPU
		{D2A0825C-E81E-4654-ABFD-C0EFC10E4228}.Debug|x64.Build.0 = Debug|Any CPU
		{D2A0825C-E81E-4654-ABFD-C0EFC10E4228}.Debug|x86.ActiveCfg = Debug|Any CPU
		{D2A0825C-E81E-4654-ABFD-C0EFC10E4228}.Debug|x86.Build.0 = Debug|Any CPU
		{D2A0825C-E81E-4654-ABFD-C0EFC10E4228}.Mono|Any CPU.ActiveCfg = Release|Any CPU
		{D2A0825C-E81E-4654-ABFD-C0EFC10E4228}.Mono|Any CPU.Build.0 = Release|Any CPU
		{D2A0825C-E81E-4654-ABFD-C0EFC10E4228}.Mono|x64.ActiveCfg = Release|Any CPU
		{D2A0825C-E81E-4654-ABFD-C0EFC10E4228}.Mono|x64.Build.0 = Release|Any CPU
		{D2A0825C-E81E-4654-ABFD-C0EFC10E4228}.Mono|x86.ActiveCfg = Release|Any CPU
		{D2A0825C-E81E-4654-ABFD-C0EFC10E4228}.Mono|x86.Build.0 = Release|Any CPU
		{D2A0825C-E81E-4654-ABFD-C0EFC10E4228}.Release|Any CPU.ActiveCfg = Release|Any CPU
		{D2A0825C-E81E-4654-ABFD-C0EFC10E4228}.Release|Any CPU.Build.0 = Release|Any CPU
		{D2A0825C-E81E-4654-ABFD-C0EFC10E4228}.Release|x64.ActiveCfg = Release|Any CPU
		{D2A0825C-E81E-4654-ABFD-C0EFC10E4228}.Release|x64.Build.0 = Release|Any CPU
		{D2A0825C-E81E-4654-ABFD-C0EFC10E4228}.Release|x86.ActiveCfg = Release|Any CPU
		{D2A0825C-E81E-4654-ABFD-C0EFC10E4228}.Release|x86.Build.0 = Release|Any CPU
		{4ACCED74-DCD7-468C-966C-175B0DF0CD41}.Canary|Any CPU.ActiveCfg = Canary|Any CPU
		{4ACCED74-DCD7-468C-966C-175B0DF0CD41}.Canary|Any CPU.Build.0 = Canary|Any CPU
		{4ACCED74-DCD7-468C-966C-175B0DF0CD41}.Canary|x64.ActiveCfg = Canary|x64
		{4ACCED74-DCD7-468C-966C-175B0DF0CD41}.Canary|x64.Build.0 = Canary|x64
		{4ACCED74-DCD7-468C-966C-175B0DF0CD41}.Canary|x86.ActiveCfg = Canary|x86
		{4ACCED74-DCD7-468C-966C-175B0DF0CD41}.Canary|x86.Build.0 = Canary|x86
		{4ACCED74-DCD7-468C-966C-175B0DF0CD41}.Debug|Any CPU.ActiveCfg = Debug|Any CPU
		{4ACCED74-DCD7-468C-966C-175B0DF0CD41}.Debug|Any CPU.Build.0 = Debug|Any CPU
		{4ACCED74-DCD7-468C-966C-175B0DF0CD41}.Debug|x64.ActiveCfg = Debug|x64
		{4ACCED74-DCD7-468C-966C-175B0DF0CD41}.Debug|x64.Build.0 = Debug|x64
		{4ACCED74-DCD7-468C-966C-175B0DF0CD41}.Debug|x86.ActiveCfg = Debug|x86
		{4ACCED74-DCD7-468C-966C-175B0DF0CD41}.Debug|x86.Build.0 = Debug|x86
		{4ACCED74-DCD7-468C-966C-175B0DF0CD41}.Mono|Any CPU.ActiveCfg = Mono|Any CPU
		{4ACCED74-DCD7-468C-966C-175B0DF0CD41}.Mono|Any CPU.Build.0 = Mono|Any CPU
		{4ACCED74-DCD7-468C-966C-175B0DF0CD41}.Mono|x64.ActiveCfg = Mono|x64
		{4ACCED74-DCD7-468C-966C-175B0DF0CD41}.Mono|x64.Build.0 = Mono|x64
		{4ACCED74-DCD7-468C-966C-175B0DF0CD41}.Mono|x86.ActiveCfg = Mono|x86
		{4ACCED74-DCD7-468C-966C-175B0DF0CD41}.Mono|x86.Build.0 = Mono|x86
		{4ACCED74-DCD7-468C-966C-175B0DF0CD41}.Release|Any CPU.ActiveCfg = Release|Any CPU
		{4ACCED74-DCD7-468C-966C-175B0DF0CD41}.Release|Any CPU.Build.0 = Release|Any CPU
		{4ACCED74-DCD7-468C-966C-175B0DF0CD41}.Release|x64.ActiveCfg = Release|x64
		{4ACCED74-DCD7-468C-966C-175B0DF0CD41}.Release|x64.Build.0 = Release|x64
		{4ACCED74-DCD7-468C-966C-175B0DF0CD41}.Release|x86.ActiveCfg = Release|x86
		{4ACCED74-DCD7-468C-966C-175B0DF0CD41}.Release|x86.Build.0 = Release|x86
	EndGlobalSection
	GlobalSection(SolutionProperties) = preSolution
		HideSolutionNode = FALSE
	EndGlobalSection
	GlobalSection(ExtensibilityGlobals) = postSolution
		SolutionGuid = {4DCF6D58-E83E-43E7-BA98-7C5702AA842B}
	EndGlobalSection
EndGlobal
